
Microsoft Visual Studio Solution File, Format Version 12.00
# Visual Studio Version 17
VisualStudioVersion = 17.5.33424.131
MinimumVisualStudioVersion = 10.0.40219.1
Project("{9A19103F-16F7-4668-BE54-9A1E7A4F7556}") = "PassGen", "PassGen\PassGen.csproj", "{78A2E724-9901-4EA2-BF37-5EB46C986F12}"
EndProject
Global
	GlobalSection(SolutionConfigurationPlatforms) = preSolution
		Debug|Any CPU = Debug|Any CPU
		Release|Any CPU = Release|Any CPU
	EndGlobalSection
	GlobalSection(ProjectConfigurationPlatforms) = postSolution
		{78A2E724-9901-4EA2-BF37-5EB46C986F12}.Debug|Any CPU.ActiveCfg = Debug|Any CPU
		{78A2E724-9901-4EA2-BF37-5EB46C986F12}.Debug|Any CPU.Build.0 = Debug|Any CPU
		{78A2E724-9901-4EA2-BF37-5EB46C986F12}.Release|Any CPU.ActiveCfg = Release|Any CPU
		{78A2E724-9901-4EA2-BF37-5EB46C986F12}.Release|Any CPU.Build.0 = Release|Any CPU
	EndGlobalSection
	GlobalSection(SolutionProperties) = preSolution
		HideSolutionNode = FALSE
	EndGlobalSection
	GlobalSection(ExtensibilityGlobals) = postSolution
		SolutionGuid = {CAB901B9-7C99-4A0C-AE56-94EBEDB7D121}
	EndGlobalSection
EndGlobal
